
Microsoft Visual Studio Solution File, Format Version 12.00
# Visual Studio Version 17
VisualStudioVersion = 17.10.35013.160
MinimumVisualStudioVersion = 10.0.40219.1
Project("{FAE04EC0-301F-11D3-BF4B-00C04F79EFBC}") = "SimuladorMicroondas", "SimuladorMicroondas.csproj", "{23853848-03BD-4E25-B7AE-3505F9A3DEFE}"
EndProject
Global
	GlobalSection(SolutionConfigurationPlatforms) = preSolution
		Debug|Any CPU = Debug|Any CPU
		Release|Any CPU = Release|Any CPU
	EndGlobalSection
	GlobalSection(ProjectConfigurationPlatforms) = postSolution
		{23853848-03BD-4E25-B7AE-3505F9A3DEFE}.Debug|Any CPU.ActiveCfg = Debug|Any CPU
		{23853848-03BD-4E25-B7AE-3505F9A3DEFE}.Debug|Any CPU.Build.0 = Debug|Any CPU
		{23853848-03BD-4E25-B7AE-3505F9A3DEFE}.Release|Any CPU.ActiveCfg = Release|Any CPU
		{23853848-03BD-4E25-B7AE-3505F9A3DEFE}.Release|Any CPU.Build.0 = Release|Any CPU
	EndGlobalSection
	GlobalSection(SolutionProperties) = preSolution
		HideSolutionNode = FALSE
	EndGlobalSection
	GlobalSection(ExtensibilityGlobals) = postSolution
		SolutionGuid = {053C897F-EFD8-4DA2-99D9-845DFDF09594}
	EndGlobalSection
EndGlobal
